
Microsoft Visual Studio Solution File, Format Version 12.00
# Visual Studio Version 16
VisualStudioVersion = 16.0.30011.22
MinimumVisualStudioVersion = 10.0.40219.1
Project("{FAE04EC0-301F-11D3-BF4B-00C04F79EFBC}") = "WF1", "WF1\WF1.csproj", "{9A6D4BB6-15C3-442B-906C-E357500FC707}"
EndProject
Global
	GlobalSection(SolutionConfigurationPlatforms) = preSolution
		Debug|Any CPU = Debug|Any CPU
		Release|Any CPU = Release|Any CPU
	EndGlobalSection
	GlobalSection(ProjectConfigurationPlatforms) = postSolution
		{9A6D4BB6-15C3-442B-906C-E357500FC707}.Debug|Any CPU.ActiveCfg = Debug|Any CPU
		{9A6D4BB6-15C3-442B-906C-E357500FC707}.Debug|Any CPU.Build.0 = Debug|Any CPU
		{9A6D4BB6-15C3-442B-906C-E357500FC707}.Release|Any CPU.ActiveCfg = Release|Any CPU
		{9A6D4BB6-15C3-442B-906C-E357500FC707}.Release|Any CPU.Build.0 = Release|Any CPU
	EndGlobalSection
	GlobalSection(SolutionProperties) = preSolution
		HideSolutionNode = FALSE
	EndGlobalSection
	GlobalSection(ExtensibilityGlobals) = postSolution
		SolutionGuid = {A81F6214-183B-45B2-8152-7EC944B697B9}
	EndGlobalSection
EndGlobal
